<?xml version="1.0" encoding="utf-8"?>
<Project ToolsVersion="17.0" xmlns="http://schemas.microsoft.com/developer/msbuild/2003">
  <ItemGroup>
    <CustomBuild Include="C:\Users\Yusuf\Documents\MATLAB\CMP755--Robotics-Project\matlab\New folder\CMakeFiles\91be601b3bf2618655256eec0def7cb8\NightlyMemoryCheck.rule">
      <Filter>CMake Rules</Filter>
    </CustomBuild>
    <CustomBuild Include="C:\Users\Yusuf\Documents\MATLAB\CMP755--Robotics-Project\matlab\Eigen3\CMakeLists.txt" />
  </ItemGroup>
  <ItemGroup>
    <None Include="C:\Users\Yusuf\Documents\MATLAB\CMP755--Robotics-Project\matlab\New folder\CMakeFiles\NightlyMemoryCheck" />
  </ItemGroup>
  <ItemGroup>
    <Filter Include="CMake Rules">
      <UniqueIdentifier>{99C8C59C-C376-336F-95C7-78C357EC8EC3}</UniqueIdentifier>
    </Filter>
  </ItemGroup>
</Project>
